
Microsoft Visual Studio Solution File, Format Version 12.00
# Visual Studio Version 17
VisualStudioVersion = 17.9.34622.214
MinimumVisualStudioVersion = 10.0.40219.1
Project("{FAE04EC0-301F-11D3-BF4B-00C04F79EFBC}") = "Tema1", "Tema1.csproj", "{7A280818-1CF4-4317-8CEA-F557E1B594E4}"
EndProject
Global
	GlobalSection(SolutionConfigurationPlatforms) = preSolution
		Debug|Any CPU = Debug|Any CPU
		Release|Any CPU = Release|Any CPU
	EndGlobalSection
	GlobalSection(ProjectConfigurationPlatforms) = postSolution
		{7A280818-1CF4-4317-8CEA-F557E1B594E4}.Debug|Any CPU.ActiveCfg = Debug|Any CPU
		{7A280818-1CF4-4317-8CEA-F557E1B594E4}.Debug|Any CPU.Build.0 = Debug|Any CPU
		{7A280818-1CF4-4317-8CEA-F557E1B594E4}.Release|Any CPU.ActiveCfg = Release|Any CPU
		{7A280818-1CF4-4317-8CEA-F557E1B594E4}.Release|Any CPU.Build.0 = Release|Any CPU
	EndGlobalSection
	GlobalSection(SolutionProperties) = preSolution
		HideSolutionNode = FALSE
	EndGlobalSection
	GlobalSection(ExtensibilityGlobals) = postSolution
		SolutionGuid = {50E7DAD2-49BC-444A-BC5D-3E9000B0D29C}
	EndGlobalSection
EndGlobal
